
Microsoft Visual Studio Solution File, Format Version 12.00
# Visual Studio Version 16
VisualStudioVersion = 16.0.30225.117
MinimumVisualStudioVersion = 10.0.40219.1
Project("{FAE04EC0-301F-11D3-BF4B-00C04F79EFBC}") = "01_HelloApp", "01_HelloApp\01_HelloApp.csproj", "{47E29DF6-187F-43A2-8346-12338972E0A5}"
EndProject
Project("{FAE04EC0-301F-11D3-BF4B-00C04F79EFBC}") = "02_DataType", "02_DataType\02_DataType.csproj", "{443F9B91-E38D-4B56-AF76-5C0B3935CD64}"
EndProject
Project("{FAE04EC0-301F-11D3-BF4B-00C04F79EFBC}") = "03_BoxingUnboxing", "03_BoxingUnboxing\03_BoxingUnboxing.csproj", "{E4B704E0-CC7D-4829-918A-73A41E85CF68}"
EndProject
Project("{2150E333-8FDC-42A3-9474-1A3956D46DE8}") = "Chap03", "Chap03", "{EF52F27D-525C-4D1F-84A9-7D2B7E48A9E7}"
EndProject
Project("{2150E333-8FDC-42A3-9474-1A3956D46DE8}") = "Chap02", "Chap02", "{914F1492-9D1C-484D-AF2A-22434F28285E}"
EndProject
Project("{FAE04EC0-301F-11D3-BF4B-00C04F79EFBC}") = "04_IntegerConversion", "04_IntegerConversion\04_IntegerConversion.csproj", "{9BDCB3E3-204F-4902-A4E6-8F4F187D6618}"
EndProject
Project("{9A19103F-16F7-4668-BE54-9A1E7A4F7556}") = "05_StringNumberConverion", "05_StringNumberConverion\05_StringNumberConverion.csproj", "{D05CE7B4-81B6-4674-A415-597A816F001E}"
EndProject
Project("{2150E333-8FDC-42A3-9474-1A3956D46DE8}") = "Chap04", "Chap04", "{0EBB87C5-532A-4EB2-8A0F-3AEF0303DE1D}"
EndProject
Project("{FAE04EC0-301F-11D3-BF4B-00C04F79EFBC}") = "06_EnumApp", "06_EnumApp\06_EnumApp.csproj", "{CDDCD693-D344-4EFC-9CAA-6E46F14831FC}"
EndProject
Project("{FAE04EC0-301F-11D3-BF4B-00C04F79EFBC}") = "07_NullableApp", "07_NullableApp\07_NullableApp.csproj", "{3431EB16-04BD-49E5-8412-12F10C9A42AB}"
EndProject
Project("{2150E333-8FDC-42A3-9474-1A3956D46DE8}") = "Appendix A", "Appendix A", "{D44BDECC-927A-41DB-8CB3-F977F63F72D2}"
EndProject
Project("{FAE04EC0-301F-11D3-BF4B-00C04F79EFBC}") = "08_StringSearchApp", "08_StringSearchApp\08_StringSearchApp.csproj", "{2913F212-00EE-413B-8240-4F4A7448E565}"
EndProject
Project("{2150E333-8FDC-42A3-9474-1A3956D46DE8}") = "Chap05", "Chap05", "{84A932C7-F050-46AD-A5FB-3CB6F29E1857}"
EndProject
Project("{FAE04EC0-301F-11D3-BF4B-00C04F79EFBC}") = "10_IfElseApp", "10_IfElseApp\10_IfElseApp.csproj", "{BEE7804D-3177-4DFE-8D4B-E40E4A5AD84D}"
EndProject
Project("{FAE04EC0-301F-11D3-BF4B-00C04F79EFBC}") = "09_Operator", "09_Operator\09_Operator.csproj", "{61ABB265-D460-452B-8B1F-44B55F70CB76}"
EndProject
Project("{FAE04EC0-301F-11D3-BF4B-00C04F79EFBC}") = "11_SwitchCaseApp", "11_SwitchCaseApp\11_SwitchCaseApp.csproj", "{BC6B1F07-18F5-45BF-A39B-EBB7E4FE3437}"
EndProject
Project("{FAE04EC0-301F-11D3-BF4B-00C04F79EFBC}") = "12_WhileApp", "12_WhileApp\12_WhileApp.csproj", "{7B08269B-E650-4F82-AA26-63B45595711A}"
EndProject
Project("{2150E333-8FDC-42A3-9474-1A3956D46DE8}") = "Chap06", "Chap06", "{550446D9-772D-4E8B-8D3D-D35917B1EB18}"
EndProject
Project("{FAE04EC0-301F-11D3-BF4B-00C04F79EFBC}") = "13_SwapByValue", "13_SwapByValue\13_SwapByValue.csproj", "{D4D8C800-141B-4FB4-BFA2-CB7B651D0F6D}"
EndProject
Project("{FAE04EC0-301F-11D3-BF4B-00C04F79EFBC}") = "14_RefReturn", "14_RefReturn\14_RefReturn.csproj", "{AABA186E-3D74-4151-8C82-03BA7340210E}"
EndProject
Project("{FAE04EC0-301F-11D3-BF4B-00C04F79EFBC}") = "15_UsingOut", "15_UsingOut\15_UsingOut.csproj", "{8D811CA7-4CB1-494E-AB35-3BB8B9670926}"
EndProject
Project("{FAE04EC0-301F-11D3-BF4B-00C04F79EFBC}") = "16_Overloading", "16_Overloading\16_Overloading.csproj", "{8D79D449-5046-4FFE-8F88-B4F885498812}"
EndProject
Project("{FAE04EC0-301F-11D3-BF4B-00C04F79EFBC}") = "17_LocalFunction", "17_LocalFunction\17_LocalFunction.csproj", "{164B32A2-A0B5-453F-8B4E-BE171955866B}"
EndProject
Project("{2150E333-8FDC-42A3-9474-1A3956D46DE8}") = "PracticeEx", "PracticeEx", "{C0CB075F-952C-4835-9299-1738C194844F}"
EndProject
Project("{FAE04EC0-301F-11D3-BF4B-00C04F79EFBC}") = "Ex_Chap06_01", "Ex_Chap06_01\Ex_Chap06_01.csproj", "{9CF632AB-6D54-4C4B-ACFB-48863093C54A}"
EndProject
Project("{FAE04EC0-301F-11D3-BF4B-00C04F79EFBC}") = "Ex_Chap06_02", "Ex_Chap06_02\Ex_Chap06_02.csproj", "{1D6DD714-F2B9-4ABA-ABFE-E5E2C5C2BD1A}"
EndProject
Project("{FAE04EC0-301F-11D3-BF4B-00C04F79EFBC}") = "Ex_Chap06_03", "Ex_Chap06_03\Ex_Chap06_03.csproj", "{10FCB762-69F1-4C12-ACBC-0A37B17BAC85}"
EndProject
Global
	GlobalSection(SolutionConfigurationPlatforms) = preSolution
		Debug|Any CPU = Debug|Any CPU
		Release|Any CPU = Release|Any CPU
	EndGlobalSection
	GlobalSection(ProjectConfigurationPlatforms) = postSolution
		{47E29DF6-187F-43A2-8346-12338972E0A5}.Debug|Any CPU.ActiveCfg = Debug|Any CPU
		{47E29DF6-187F-43A2-8346-12338972E0A5}.Debug|Any CPU.Build.0 = Debug|Any CPU
		{47E29DF6-187F-43A2-8346-12338972E0A5}.Release|Any CPU.ActiveCfg = Release|Any CPU
		{47E29DF6-187F-43A2-8346-12338972E0A5}.Release|Any CPU.Build.0 = Release|Any CPU
		{443F9B91-E38D-4B56-AF76-5C0B3935CD64}.Debug|Any CPU.ActiveCfg = Debug|Any CPU
		{443F9B91-E38D-4B56-AF76-5C0B3935CD64}.Debug|Any CPU.Build.0 = Debug|Any CPU
		{443F9B91-E38D-4B56-AF76-5C0B3935CD64}.Release|Any CPU.ActiveCfg = Release|Any CPU
		{443F9B91-E38D-4B56-AF76-5C0B3935CD64}.Release|Any CPU.Build.0 = Release|Any CPU
		{E4B704E0-CC7D-4829-918A-73A41E85CF68}.Debug|Any CPU.ActiveCfg = Debug|Any CPU
		{E4B704E0-CC7D-4829-918A-73A41E85CF68}.Debug|Any CPU.Build.0 = Debug|Any CPU
		{E4B704E0-CC7D-4829-918A-73A41E85CF68}.Release|Any CPU.ActiveCfg = Release|Any CPU
		{E4B704E0-CC7D-4829-918A-73A41E85CF68}.Release|Any CPU.Build.0 = Release|Any CPU
		{9BDCB3E3-204F-4902-A4E6-8F4F187D6618}.Debug|Any CPU.ActiveCfg = Debug|Any CPU
		{9BDCB3E3-204F-4902-A4E6-8F4F187D6618}.Debug|Any CPU.Build.0 = Debug|Any CPU
		{9BDCB3E3-204F-4902-A4E6-8F4F187D6618}.Release|Any CPU.ActiveCfg = Release|Any CPU
		{9BDCB3E3-204F-4902-A4E6-8F4F187D6618}.Release|Any CPU.Build.0 = Release|Any CPU
		{D05CE7B4-81B6-4674-A415-597A816F001E}.Debug|Any CPU.ActiveCfg = Debug|Any CPU
		{D05CE7B4-81B6-4674-A415-597A816F001E}.Debug|Any CPU.Build.0 = Debug|Any CPU
		{D05CE7B4-81B6-4674-A415-597A816F001E}.Release|Any CPU.ActiveCfg = Release|Any CPU
		{D05CE7B4-81B6-4674-A415-597A816F001E}.Release|Any CPU.Build.0 = Release|Any CPU
		{CDDCD693-D344-4EFC-9CAA-6E46F14831FC}.Debug|Any CPU.ActiveCfg = Debug|Any CPU
		{CDDCD693-D344-4EFC-9CAA-6E46F14831FC}.Debug|Any CPU.Build.0 = Debug|Any CPU
		{CDDCD693-D344-4EFC-9CAA-6E46F14831FC}.Release|Any CPU.ActiveCfg = Release|Any CPU
		{CDDCD693-D344-4EFC-9CAA-6E46F14831FC}.Release|Any CPU.Build.0 = Release|Any CPU
		{3431EB16-04BD-49E5-8412-12F10C9A42AB}.Debug|Any CPU.ActiveCfg = Debug|Any CPU
		{3431EB16-04BD-49E5-8412-12F10C9A42AB}.Debug|Any CPU.Build.0 = Debug|Any CPU
		{3431EB16-04BD-49E5-8412-12F10C9A42AB}.Release|Any CPU.ActiveCfg = Release|Any CPU
		{3431EB16-04BD-49E5-8412-12F10C9A42AB}.Release|Any CPU.Build.0 = Release|Any CPU
		{2913F212-00EE-413B-8240-4F4A7448E565}.Debug|Any CPU.ActiveCfg = Debug|Any CPU
		{2913F212-00EE-413B-8240-4F4A7448E565}.Debug|Any CPU.Build.0 = Debug|Any CPU
		{2913F212-00EE-413B-8240-4F4A7448E565}.Release|Any CPU.ActiveCfg = Release|Any CPU
		{2913F212-00EE-413B-8240-4F4A7448E565}.Release|Any CPU.Build.0 = Release|Any CPU
		{BEE7804D-3177-4DFE-8D4B-E40E4A5AD84D}.Debug|Any CPU.ActiveCfg = Debug|Any CPU
		{BEE7804D-3177-4DFE-8D4B-E40E4A5AD84D}.Debug|Any CPU.Build.0 = Debug|Any CPU
		{BEE7804D-3177-4DFE-8D4B-E40E4A5AD84D}.Release|Any CPU.ActiveCfg = Release|Any CPU
		{BEE7804D-3177-4DFE-8D4B-E40E4A5AD84D}.Release|Any CPU.Build.0 = Release|Any CPU
		{61ABB265-D460-452B-8B1F-44B55F70CB76}.Debug|Any CPU.ActiveCfg = Debug|Any CPU
		{61ABB265-D460-452B-8B1F-44B55F70CB76}.Debug|Any CPU.Build.0 = Debug|Any CPU
		{61ABB265-D460-452B-8B1F-44B55F70CB76}.Release|Any CPU.ActiveCfg = Release|Any CPU
		{61ABB265-D460-452B-8B1F-44B55F70CB76}.Release|Any CPU.Build.0 = Release|Any CPU
		{BC6B1F07-18F5-45BF-A39B-EBB7E4FE3437}.Debug|Any CPU.ActiveCfg = Debug|Any CPU
		{BC6B1F07-18F5-45BF-A39B-EBB7E4FE3437}.Debug|Any CPU.Build.0 = Debug|Any CPU
		{BC6B1F07-18F5-45BF-A39B-EBB7E4FE3437}.Release|Any CPU.ActiveCfg = Release|Any CPU
		{BC6B1F07-18F5-45BF-A39B-EBB7E4FE3437}.Release|Any CPU.Build.0 = Release|Any CPU
		{7B08269B-E650-4F82-AA26-63B45595711A}.Debug|Any CPU.ActiveCfg = Debug|Any CPU
		{7B08269B-E650-4F82-AA26-63B45595711A}.Debug|Any CPU.Build.0 = Debug|Any CPU
		{7B08269B-E650-4F82-AA26-63B45595711A}.Release|Any CPU.ActiveCfg = Release|Any CPU
		{7B08269B-E650-4F82-AA26-63B45595711A}.Release|Any CPU.Build.0 = Release|Any CPU
		{D4D8C800-141B-4FB4-BFA2-CB7B651D0F6D}.Debug|Any CPU.ActiveCfg = Debug|Any CPU
		{D4D8C800-141B-4FB4-BFA2-CB7B651D0F6D}.Debug|Any CPU.Build.0 = Debug|Any CPU
		{D4D8C800-141B-4FB4-BFA2-CB7B651D0F6D}.Release|Any CPU.ActiveCfg = Release|Any CPU
		{D4D8C800-141B-4FB4-BFA2-CB7B651D0F6D}.Release|Any CPU.Build.0 = Release|Any CPU
		{AABA186E-3D74-4151-8C82-03BA7340210E}.Debug|Any CPU.ActiveCfg = Debug|Any CPU
		{AABA186E-3D74-4151-8C82-03BA7340210E}.Debug|Any CPU.Build.0 = Debug|Any CPU
		{AABA186E-3D74-4151-8C82-03BA7340210E}.Release|Any CPU.ActiveCfg = Release|Any CPU
		{AABA186E-3D74-4151-8C82-03BA7340210E}.Release|Any CPU.Build.0 = Release|Any CPU
		{8D811CA7-4CB1-494E-AB35-3BB8B9670926}.Debug|Any CPU.ActiveCfg = Debug|Any CPU
		{8D811CA7-4CB1-494E-AB35-3BB8B9670926}.Debug|Any CPU.Build.0 = Debug|Any CPU
		{8D811CA7-4CB1-494E-AB35-3BB8B9670926}.Release|Any CPU.ActiveCfg = Release|Any CPU
		{8D811CA7-4CB1-494E-AB35-3BB8B9670926}.Release|Any CPU.Build.0 = Release|Any CPU
		{8D79D449-5046-4FFE-8F88-B4F885498812}.Debug|Any CPU.ActiveCfg = Debug|Any CPU
		{8D79D449-5046-4FFE-8F88-B4F885498812}.Debug|Any CPU.Build.0 = Debug|Any CPU
		{8D79D449-5046-4FFE-8F88-B4F885498812}.Release|Any CPU.ActiveCfg = Release|Any CPU
		{8D79D449-5046-4FFE-8F88-B4F885498812}.Release|Any CPU.Build.0 = Release|Any CPU
		{164B32A2-A0B5-453F-8B4E-BE171955866B}.Debug|Any CPU.ActiveCfg = Debug|Any CPU
		{164B32A2-A0B5-453F-8B4E-BE171955866B}.Debug|Any CPU.Build.0 = Debug|Any CPU
		{164B32A2-A0B5-453F-8B4E-BE171955866B}.Release|Any CPU.ActiveCfg = Release|Any CPU
		{164B32A2-A0B5-453F-8B4E-BE171955866B}.Release|Any CPU.Build.0 = Release|Any CPU
		{9CF632AB-6D54-4C4B-ACFB-48863093C54A}.Debug|Any CPU.ActiveCfg = Debug|Any CPU
		{9CF632AB-6D54-4C4B-ACFB-48863093C54A}.Debug|Any CPU.Build.0 = Debug|Any CPU
		{9CF632AB-6D54-4C4B-ACFB-48863093C54A}.Release|Any CPU.ActiveCfg = Release|Any CPU
		{9CF632AB-6D54-4C4B-ACFB-48863093C54A}.Release|Any CPU.Build.0 = Release|Any CPU
		{1D6DD714-F2B9-4ABA-ABFE-E5E2C5C2BD1A}.Debug|Any CPU.ActiveCfg = Debug|Any CPU
		{1D6DD714-F2B9-4ABA-ABFE-E5E2C5C2BD1A}.Debug|Any CPU.Build.0 = Debug|Any CPU
		{1D6DD714-F2B9-4ABA-ABFE-E5E2C5C2BD1A}.Release|Any CPU.ActiveCfg = Release|Any CPU
		{1D6DD714-F2B9-4ABA-ABFE-E5E2C5C2BD1A}.Release|Any CPU.Build.0 = Release|Any CPU
		{10FCB762-69F1-4C12-ACBC-0A37B17BAC85}.Debug|Any CPU.ActiveCfg = Debug|Any CPU
		{10FCB762-69F1-4C12-ACBC-0A37B17BAC85}.Debug|Any CPU.Build.0 = Debug|Any CPU
		{10FCB762-69F1-4C12-ACBC-0A37B17BAC85}.Release|Any CPU.ActiveCfg = Release|Any CPU
		{10FCB762-69F1-4C12-ACBC-0A37B17BAC85}.Release|Any CPU.Build.0 = Release|Any CPU
	EndGlobalSection
	GlobalSection(SolutionProperties) = preSolution
		HideSolutionNode = FALSE
	EndGlobalSection
	GlobalSection(NestedProjects) = preSolution
		{47E29DF6-187F-43A2-8346-12338972E0A5} = {914F1492-9D1C-484D-AF2A-22434F28285E}
		{443F9B91-E38D-4B56-AF76-5C0B3935CD64} = {EF52F27D-525C-4D1F-84A9-7D2B7E48A9E7}
		{E4B704E0-CC7D-4829-918A-73A41E85CF68} = {EF52F27D-525C-4D1F-84A9-7D2B7E48A9E7}
		{9BDCB3E3-204F-4902-A4E6-8F4F187D6618} = {EF52F27D-525C-4D1F-84A9-7D2B7E48A9E7}
		{D05CE7B4-81B6-4674-A415-597A816F001E} = {EF52F27D-525C-4D1F-84A9-7D2B7E48A9E7}
		{CDDCD693-D344-4EFC-9CAA-6E46F14831FC} = {EF52F27D-525C-4D1F-84A9-7D2B7E48A9E7}
		{3431EB16-04BD-49E5-8412-12F10C9A42AB} = {EF52F27D-525C-4D1F-84A9-7D2B7E48A9E7}
		{2913F212-00EE-413B-8240-4F4A7448E565} = {D44BDECC-927A-41DB-8CB3-F977F63F72D2}
		{BEE7804D-3177-4DFE-8D4B-E40E4A5AD84D} = {84A932C7-F050-46AD-A5FB-3CB6F29E1857}
		{61ABB265-D460-452B-8B1F-44B55F70CB76} = {0EBB87C5-532A-4EB2-8A0F-3AEF0303DE1D}
		{BC6B1F07-18F5-45BF-A39B-EBB7E4FE3437} = {84A932C7-F050-46AD-A5FB-3CB6F29E1857}
		{7B08269B-E650-4F82-AA26-63B45595711A} = {84A932C7-F050-46AD-A5FB-3CB6F29E1857}
		{D4D8C800-141B-4FB4-BFA2-CB7B651D0F6D} = {550446D9-772D-4E8B-8D3D-D35917B1EB18}
		{AABA186E-3D74-4151-8C82-03BA7340210E} = {550446D9-772D-4E8B-8D3D-D35917B1EB18}
		{8D811CA7-4CB1-494E-AB35-3BB8B9670926} = {550446D9-772D-4E8B-8D3D-D35917B1EB18}
		{8D79D449-5046-4FFE-8F88-B4F885498812} = {550446D9-772D-4E8B-8D3D-D35917B1EB18}
		{164B32A2-A0B5-453F-8B4E-BE171955866B} = {550446D9-772D-4E8B-8D3D-D35917B1EB18}
		{9CF632AB-6D54-4C4B-ACFB-48863093C54A} = {C0CB075F-952C-4835-9299-1738C194844F}
		{1D6DD714-F2B9-4ABA-ABFE-E5E2C5C2BD1A} = {C0CB075F-952C-4835-9299-1738C194844F}
		{10FCB762-69F1-4C12-ACBC-0A37B17BAC85} = {C0CB075F-952C-4835-9299-1738C194844F}
	EndGlobalSection
	GlobalSection(ExtensibilityGlobals) = postSolution
		SolutionGuid = {A816A9AD-A1CB-42A4-8031-B6AC40F15846}
	EndGlobalSection
EndGlobal
